
Microsoft Visual Studio Solution File, Format Version 12.00
# Visual Studio Version 17
VisualStudioVersion = 17.4.33403.182
MinimumVisualStudioVersion = 10.0.40219.1
Project("{FAE04EC0-301F-11D3-BF4B-00C04F79EFBC}") = "Tweteroo_dotNET_Csharp", "Tweteroo_dotNET_Csharp\Tweteroo_dotNET_Csharp.csproj", "{5113A2F2-0ED8-4132-BFE3-B487C46D32FA}"
EndProject
Global
	GlobalSection(SolutionConfigurationPlatforms) = preSolution
		Debug|Any CPU = Debug|Any CPU
		Release|Any CPU = Release|Any CPU
	EndGlobalSection
	GlobalSection(ProjectConfigurationPlatforms) = postSolution
		{5113A2F2-0ED8-4132-BFE3-B487C46D32FA}.Debug|Any CPU.ActiveCfg = Debug|Any CPU
		{5113A2F2-0ED8-4132-BFE3-B487C46D32FA}.Debug|Any CPU.Build.0 = Debug|Any CPU
		{5113A2F2-0ED8-4132-BFE3-B487C46D32FA}.Release|Any CPU.ActiveCfg = Release|Any CPU
		{5113A2F2-0ED8-4132-BFE3-B487C46D32FA}.Release|Any CPU.Build.0 = Release|Any CPU
	EndGlobalSection
	GlobalSection(SolutionProperties) = preSolution
		HideSolutionNode = FALSE
	EndGlobalSection
	GlobalSection(ExtensibilityGlobals) = postSolution
		SolutionGuid = {58E3A9F4-2B8D-407A-9E54-FDDA4855FFE6}
	EndGlobalSection
EndGlobal
